
Microsoft Visual Studio Solution File, Format Version 12.00
# Visual Studio Version 17
VisualStudioVersion = 17.8.34322.80
MinimumVisualStudioVersion = 10.0.40219.1
Project("{9A19103F-16F7-4668-BE54-9A1E7A4F7556}") = "PiusNoteVue.Server", "PiusNoteVue.Server\PiusNoteVue.Server.csproj", "{DB3B430C-2B7D-4D93-AA24-04AA92C309C3}"
EndProject
Project("{54A90642-561A-4BB1-A94E-469ADEE60C69}") = "piusnotevue.client", "piusnotevue.client\piusnotevue.client.esproj", "{CD9DED80-686D-476C-B380-004E75C8AA1D}"
EndProject
Project("{2150E333-8FDC-42A3-9474-1A3956D46DE8}") = "솔루션 항목", "솔루션 항목", "{B56A2B77-660D-419D-B4FC-F8675602FF36}"
	ProjectSection(SolutionItems) = preProject
		.gitignore = .gitignore
		Readme.md = Readme.md
	EndProjectSection
EndProject
Project("{9A19103F-16F7-4668-BE54-9A1E7A4F7556}") = "SolutionTest", "SolutionTest\SolutionTest.csproj", "{FD147183-C33B-4AAF-80D9-2BEAB1B47346}"
EndProject
Project("{9A19103F-16F7-4668-BE54-9A1E7A4F7556}") = "PiusNoteClassLibrary", "PiusNoteClassLibrary\PiusNoteClassLibrary.csproj", "{B2DCC8F3-1195-4F2B-B787-C0CE97A23DA4}"
EndProject
Project("{FAE04EC0-301F-11D3-BF4B-00C04F79EFBC}") = "PiusNoteClassLibraryTests", "PiusNoteClassLibraryTests\PiusNoteClassLibraryTests.csproj", "{C10B2732-F33F-46F6-9FDB-86C73BC47F4E}"
EndProject
Project("{FAE04EC0-301F-11D3-BF4B-00C04F79EFBC}") = "PiusNoteVue.ServerTests", "PiusNoteVue.ServerTests\PiusNoteVue.ServerTests.csproj", "{97622153-A799-402C-9C6C-71B422EF4681}"
EndProject
Global
	GlobalSection(SolutionConfigurationPlatforms) = preSolution
		Debug|Any CPU = Debug|Any CPU
		Release|Any CPU = Release|Any CPU
	EndGlobalSection
	GlobalSection(ProjectConfigurationPlatforms) = postSolution
		{DB3B430C-2B7D-4D93-AA24-04AA92C309C3}.Debug|Any CPU.ActiveCfg = Debug|Any CPU
		{DB3B430C-2B7D-4D93-AA24-04AA92C309C3}.Debug|Any CPU.Build.0 = Debug|Any CPU
		{DB3B430C-2B7D-4D93-AA24-04AA92C309C3}.Release|Any CPU.ActiveCfg = Release|Any CPU
		{DB3B430C-2B7D-4D93-AA24-04AA92C309C3}.Release|Any CPU.Build.0 = Release|Any CPU
		{CD9DED80-686D-476C-B380-004E75C8AA1D}.Debug|Any CPU.ActiveCfg = Debug|Any CPU
		{CD9DED80-686D-476C-B380-004E75C8AA1D}.Debug|Any CPU.Build.0 = Debug|Any CPU
		{CD9DED80-686D-476C-B380-004E75C8AA1D}.Debug|Any CPU.Deploy.0 = Debug|Any CPU
		{CD9DED80-686D-476C-B380-004E75C8AA1D}.Release|Any CPU.ActiveCfg = Release|Any CPU
		{CD9DED80-686D-476C-B380-004E75C8AA1D}.Release|Any CPU.Build.0 = Release|Any CPU
		{CD9DED80-686D-476C-B380-004E75C8AA1D}.Release|Any CPU.Deploy.0 = Release|Any CPU
		{FD147183-C33B-4AAF-80D9-2BEAB1B47346}.Debug|Any CPU.ActiveCfg = Debug|Any CPU
		{FD147183-C33B-4AAF-80D9-2BEAB1B47346}.Debug|Any CPU.Build.0 = Debug|Any CPU
		{FD147183-C33B-4AAF-80D9-2BEAB1B47346}.Release|Any CPU.ActiveCfg = Release|Any CPU
		{FD147183-C33B-4AAF-80D9-2BEAB1B47346}.Release|Any CPU.Build.0 = Release|Any CPU
		{B2DCC8F3-1195-4F2B-B787-C0CE97A23DA4}.Debug|Any CPU.ActiveCfg = Debug|Any CPU
		{B2DCC8F3-1195-4F2B-B787-C0CE97A23DA4}.Debug|Any CPU.Build.0 = Debug|Any CPU
		{B2DCC8F3-1195-4F2B-B787-C0CE97A23DA4}.Release|Any CPU.ActiveCfg = Release|Any CPU
		{B2DCC8F3-1195-4F2B-B787-C0CE97A23DA4}.Release|Any CPU.Build.0 = Release|Any CPU
		{C10B2732-F33F-46F6-9FDB-86C73BC47F4E}.Debug|Any CPU.ActiveCfg = Debug|Any CPU
		{C10B2732-F33F-46F6-9FDB-86C73BC47F4E}.Debug|Any CPU.Build.0 = Debug|Any CPU
		{C10B2732-F33F-46F6-9FDB-86C73BC47F4E}.Release|Any CPU.ActiveCfg = Release|Any CPU
		{C10B2732-F33F-46F6-9FDB-86C73BC47F4E}.Release|Any CPU.Build.0 = Release|Any CPU
		{97622153-A799-402C-9C6C-71B422EF4681}.Debug|Any CPU.ActiveCfg = Debug|Any CPU
		{97622153-A799-402C-9C6C-71B422EF4681}.Debug|Any CPU.Build.0 = Debug|Any CPU
		{97622153-A799-402C-9C6C-71B422EF4681}.Release|Any CPU.ActiveCfg = Release|Any CPU
		{97622153-A799-402C-9C6C-71B422EF4681}.Release|Any CPU.Build.0 = Release|Any CPU
	EndGlobalSection
	GlobalSection(SolutionProperties) = preSolution
		HideSolutionNode = FALSE
	EndGlobalSection
	GlobalSection(ExtensibilityGlobals) = postSolution
		SolutionGuid = {81CA2468-BA10-4159-A346-C6268B188AFC}
	EndGlobalSection
EndGlobal
